PODS:
  - AFNetworking (2.6.3):
    - AFNetworking/NSURLConnection (= 2.6.3)
    - AFNetworking/NSURLSession (= 2.6.3)
    - AFNetworking/Reachability (= 2.6.3)
    - AFNetworking/Security (= 2.6.3)
    - AFNetworking/Serialization (= 2.6.3)
    - AFNetworking/UIKit (= 2.6.3)
  - AFNetworking/NSURLConnection (2.6.3):
    - AFNetworking/Reachability
    - AFNetworking/Security
    - AFNetworking/Serialization
  - AFNetworking/NSURLSession (2.6.3):
    - AFNetworking/Reachability
    - AFNetworking/Security
    - AFNetworking/Serialization
  - AFNetworking/Reachability (2.6.3)
  - AFNetworking/Security (2.6.3)
  - AFNetworking/Serialization (2.6.3)
  - AFNetworking/UIKit (2.6.3):
    - AFNetworking/NSURLConnection
    - AFNetworking/NSURLSession
  - Firebase/Auth (4.1.0):
    - Firebase/Core
    - FirebaseAuth (= 4.1.0)
  - Firebase/Core (4.1.0):
    - FirebaseAnalytics (= 4.0.3)
    - FirebaseCore (= 4.0.5)
  - Firebase/Crash (4.1.0):
    - Firebase/Core
    - FirebaseCrash (= 2.0.1)
  - Firebase/Database (4.1.0):
    - Firebase/Core
    - FirebaseDatabase (= 4.0.1)
  - Firebase/DynamicLinks (4.1.0):
    - Firebase/Core
    - FirebaseDynamicLinks (= 2.1.0)
  - Firebase/Messaging (4.1.0):
    - Firebase/Core
    - FirebaseMessaging (= 2.0.1)
  - FirebaseAnalytics (4.0.3):
    - FirebaseCore (~> 4.0)
    - FirebaseInstanceID (~> 2.0)
    - GoogleToolboxForMac/NSData+zlib (~> 2.1)
    - nanopb (~> 0.3)
  - FirebaseAuth (4.1.0):
    - FirebaseAnalytics (~> 4.0)
    - GoogleToolboxForMac/NSDictionary+URLArguments (~> 2.1)
    - GTMSessionFetcher/Core (~> 1.1)
  - FirebaseCore (4.0.5):
    - GoogleToolboxForMac/NSData+zlib (~> 2.1)
    - nanopb (~> 0.3)
  - FirebaseCrash (2.0.1):
    - FirebaseAnalytics (~> 4.0)
    - FirebaseInstanceID (~> 2.0)
    - GoogleToolboxForMac/Logger (~> 2.1)
    - GoogleToolboxForMac/NSData+zlib (~> 2.1)
    - Protobuf (~> 3.1)
  - FirebaseDatabase (4.0.1):
    - FirebaseAnalytics (~> 4.0)
    - FirebaseCore (~> 4.0)
    - leveldb-library (~> 1.18)
  - FirebaseDynamicLinks (2.1.0):
    - FirebaseAnalytics (~> 4.0)
  - FirebaseInstanceID (2.0.0):
    - FirebaseCore (~> 4.0)
  - FirebaseMessaging (2.0.1):
    - FirebaseAnalytics (~> 4.0)
    - FirebaseCore (~> 4.0)
    - FirebaseInstanceID (~> 2.0)
    - GoogleToolboxForMac/Logger (~> 2.1)
    - Protobuf (~> 3.1)
  - GoogleMaps (2.4.0):
    - GoogleMaps/Maps (= 2.4.0)
  - GoogleMaps/Base (2.4.0)
  - GoogleMaps/Maps (2.4.0):
    - GoogleMaps/Base
  - GooglePlacePicker (2.4.0):
    - GoogleMaps (= 2.4.0)
    - GooglePlaces (= 2.4.0)
  - GooglePlaces (2.4.0):
    - GoogleMaps/Base (= 2.4.0)
  - GoogleToolboxForMac/DebugUtils (2.1.1):
    - GoogleToolboxForMac/Defines (= 2.1.1)
  - GoogleToolboxForMac/Defines (2.1.1)
  - GoogleToolboxForMac/Logger (2.1.1):
    - GoogleToolboxForMac/Defines (= 2.1.1)
  - GoogleToolboxForMac/NSData+zlib (2.1.1):
    - GoogleToolboxForMac/Defines (= 2.1.1)
  - GoogleToolboxForMac/NSDictionary+URLArguments (2.1.1):
    - GoogleToolboxForMac/DebugUtils (= 2.1.1)
    - GoogleToolboxForMac/Defines (= 2.1.1)
    - GoogleToolboxForMac/NSString+URLArguments (= 2.1.1)
  - GoogleToolboxForMac/NSString+URLArguments (2.1.1)
  - GTMSessionFetcher/Core (1.1.11)
  - leveldb-library (1.18.3)
  - nanopb (0.3.8):
    - nanopb/decode (= 0.3.8)
    - nanopb/encode (= 0.3.8)
  - nanopb/decode (0.3.8)
  - nanopb/encode (0.3.8)
  - Protobuf (3.3.0)
  - SSZipArchive (2.0.3)
  - STPopup (1.8.2)

DEPENDENCIES:
  - AFNetworking (~> 2.0)
  - Firebase/Auth
  - Firebase/Core
  - Firebase/Crash
  - Firebase/Database
  - Firebase/DynamicLinks
  - Firebase/Messaging
  - GoogleMaps
  - GooglePlacePicker
  - GooglePlaces
  - SSZipArchive
  - STPopup

SPEC CHECKSUMS:
  AFNetworking: cb8d14a848e831097108418f5d49217339d4eb60
  Firebase: ebebf41db7f10e0c7668b6eaaa857fbe599aa478
  FirebaseAnalytics: 76f754d37ca5b04f36856729b6af3ca0152d1069
  FirebaseAuth: 8d1d2389cf82f891048d6d50d27d044f55ae09a6
  FirebaseCore: 7d876ea97a830cbe62ba7fbbe7670c833a324ba0
  FirebaseCrash: bce9fbfb7dd6cc850a41fe39740a2292e6b61f2e
  FirebaseDatabase: 94c38c783d23dc6679441050772d42e801d06e9e
  FirebaseDynamicLinks: ed4cb6c42705aaa5e841ed2d76e3a4bddbec10c1
  FirebaseInstanceID: 9fbf536668f4d3f0880e7438456dabd1376e294b
  FirebaseMessaging: b45ff9ef5d932600d3f78ff43168e7c5707aa7dc
  GoogleMaps: 8436ab5d1c25e36915b2f7416d0c8e3fa2e76c61
  GooglePlacePicker: 755f10343d71280c7b016823e73fbae9625dfa8a
  GooglePlaces: aafe5990fa7951e98e078761bbdaaf236d7e0c65
  GoogleToolboxForMac: 8e329f1b599f2512c6b10676d45736bcc2cbbeb0
  GTMSessionFetcher: 5ad62e8200fa00ed011fe5e08d27fef72c5b1429
  leveldb-library: 10fb39c39e243db4af1828441162405bbcec1404
  nanopb: 5601e6bca2dbf1ed831b519092ec110f66982ca3
  Protobuf: d582fecf68201eac3d79ed61369ef45734394b9c
  SSZipArchive: b6648b70a36303ca5be9f0351174b347e1886236
  STPopup: b69b3e7484ef7d2baec5f9ab2939f8a7bcdfe218

PODFILE CHECKSUM: 45287a5adcb3fb2215a3f2388e6e4dc065a36be9

COCOAPODS: 1.1.1
