// !$*UTF8*$!
{
	archiveVersion = 1;
	classes = {
	};
	objectVersion = 46;
	objects = {

/* Begin PBXBuildFile section */
		521C7FF91B715C8600D6CE1F /* MyPageViewController.m in Sources */ = {isa = PBXBuildFile; fileRef = 521C7FF81B715C8600D6CE1F /* MyPageViewController.m */; };
		523211951B68402200752D4C /* InfluenceExplorerViewController.m in Sources */ = {isa = PBXBuildFile; fileRef = 523211941B68402200752D4C /* InfluenceExplorerViewController.m */; };
		525D89FB1B6EB98800674AB7 /* AFHTTPRequestOperation.m in Sources */ = {isa = PBXBuildFile; fileRef = 525D89D61B6EB98800674AB7 /* AFHTTPRequestOperation.m */; };
		525D89FC1B6EB98800674AB7 /* AFHTTPRequestOperationManager.m in Sources */ = {isa = PBXBuildFile; fileRef = 525D89D81B6EB98800674AB7 /* AFHTTPRequestOperationManager.m */; };
		525D89FD1B6EB98800674AB7 /* AFHTTPSessionManager.m in Sources */ = {isa = PBXBuildFile; fileRef = 525D89DA1B6EB98800674AB7 /* AFHTTPSessionManager.m */; };
		525D89FE1B6EB98800674AB7 /* AFNetworkReachabilityManager.m in Sources */ = {isa = PBXBuildFile; fileRef = 525D89DD1B6EB98800674AB7 /* AFNetworkReachabilityManager.m */; };
		525D89FF1B6EB98800674AB7 /* AFSecurityPolicy.m in Sources */ = {isa = PBXBuildFile; fileRef = 525D89DF1B6EB98800674AB7 /* AFSecurityPolicy.m */; };
		525D8A001B6EB98800674AB7 /* AFURLConnectionOperation.m in Sources */ = {isa = PBXBuildFile; fileRef = 525D89E11B6EB98800674AB7 /* AFURLConnectionOperation.m */; };
		525D8A011B6EB98800674AB7 /* AFURLRequestSerialization.m in Sources */ = {isa = PBXBuildFile; fileRef = 525D89E31B6EB98800674AB7 /* AFURLRequestSerialization.m */; };
		525D8A021B6EB98800674AB7 /* AFURLResponseSerialization.m in Sources */ = {isa = PBXBuildFile; fileRef = 525D89E51B6EB98800674AB7 /* AFURLResponseSerialization.m */; };
		525D8A031B6EB98800674AB7 /* AFURLSessionManager.m in Sources */ = {isa = PBXBuildFile; fileRef = 525D89E71B6EB98800674AB7 /* AFURLSessionManager.m */; };
		525D8A041B6EB98800674AB7 /* AFNetworkActivityIndicatorManager.m in Sources */ = {isa = PBXBuildFile; fileRef = 525D89EA1B6EB98800674AB7 /* AFNetworkActivityIndicatorManager.m */; };
		525D8A051B6EB98800674AB7 /* UIActivityIndicatorView+AFNetworking.m in Sources */ = {isa = PBXBuildFile; fileRef = 525D89EC1B6EB98800674AB7 /* UIActivityIndicatorView+AFNetworking.m */; };
		525D8A061B6EB98800674AB7 /* UIAlertView+AFNetworking.m in Sources */ = {isa = PBXBuildFile; fileRef = 525D89EE1B6EB98800674AB7 /* UIAlertView+AFNetworking.m */; };
		525D8A071B6EB98800674AB7 /* UIButton+AFNetworking.m in Sources */ = {isa = PBXBuildFile; fileRef = 525D89F01B6EB98800674AB7 /* UIButton+AFNetworking.m */; };
		525D8A081B6EB98800674AB7 /* UIImageView+AFNetworking.m in Sources */ = {isa = PBXBuildFile; fileRef = 525D89F31B6EB98800674AB7 /* UIImageView+AFNetworking.m */; };
		525D8A091B6EB98800674AB7 /* UIProgressView+AFNetworking.m in Sources */ = {isa = PBXBuildFile; fileRef = 525D89F61B6EB98800674AB7 /* UIProgressView+AFNetworking.m */; };
		525D8A0A1B6EB98800674AB7 /* UIRefreshControl+AFNetworking.m in Sources */ = {isa = PBXBuildFile; fileRef = 525D89F81B6EB98800674AB7 /* UIRefreshControl+AFNetworking.m */; };
		525D8A0B1B6EB98800674AB7 /* UIWebView+AFNetworking.m in Sources */ = {isa = PBXBuildFile; fileRef = 525D89FA1B6EB98800674AB7 /* UIWebView+AFNetworking.m */; };
		52747B751B66EE92009702F5 /* StateLegislatorViewController.m in Sources */ = {isa = PBXBuildFile; fileRef = 52747B741B66EE92009702F5 /* StateLegislatorViewController.m */; };
		52A6107F1B66ACD400B041FF /* NetworkManager.m in Sources */ = {isa = PBXBuildFile; fileRef = 52A6107E1B66ACD400B041FF /* NetworkManager.m */; };
		52A610821B66AD0300B041FF /* RepManager.m in Sources */ = {isa = PBXBuildFile; fileRef = 52A610811B66AD0300B041FF /* RepManager.m */; };
		52AD2CC01B61E7A300EAF854 /* Congressperson.m in Sources */ = {isa = PBXBuildFile; fileRef = 52AD2CBF1B61E7A300EAF854 /* Congressperson.m */; };
		52AD2CC31B61F90900EAF854 /* StateLegislator.m in Sources */ = {isa = PBXBuildFile; fileRef = 52AD2CC21B61F90900EAF854 /* StateLegislator.m */; };
		52B51B0A1B61B789006DF423 /* LocationService.m in Sources */ = {isa = PBXBuildFile; fileRef = 52B51B091B61B789006DF423 /* LocationService.m */; };
		52BB34311B6160CA00BB9FFD /* main.m in Sources */ = {isa = PBXBuildFile; fileRef = 52BB34301B6160CA00BB9FFD /* main.m */; };
		52BB34341B6160CA00BB9FFD /* AppDelegate.m in Sources */ = {isa = PBXBuildFile; fileRef = 52BB34331B6160CA00BB9FFD /* AppDelegate.m */; };
		52BB34371B6160CA00BB9FFD /* CongressViewController.m in Sources */ = {isa = PBXBuildFile; fileRef = 52BB34361B6160CA00BB9FFD /* CongressViewController.m */; };
		52BB343A1B6160CA00BB9FFD /* Main.storyboard in Resources */ = {isa = PBXBuildFile; fileRef = 52BB34381B6160CA00BB9FFD /* Main.storyboard */; };
		52BB343C1B6160CA00BB9FFD /* Images.xcassets in Resources */ = {isa = PBXBuildFile; fileRef = 52BB343B1B6160CA00BB9FFD /* Images.xcassets */; };
		52BB343F1B6160CA00BB9FFD /* LaunchScreen.xib in Resources */ = {isa = PBXBuildFile; fileRef = 52BB343D1B6160CA00BB9FFD /* LaunchScreen.xib */; };
		52BB344B1B6160CA00BB9FFD /* v2Tests.m in Sources */ = {isa = PBXBuildFile; fileRef = 52BB344A1B6160CA00BB9FFD /* v2Tests.m */; };
/* End PBXBuildFile section */

/* Begin PBXContainerItemProxy section */
		52BB34451B6160CA00BB9FFD /* PBXContainerItemProxy */ = {
			isa = PBXContainerItemProxy;
			containerPortal = 52BB34231B6160C900BB9FFD /* Project object */;
			proxyType = 1;
			remoteGlobalIDString = 52BB342A1B6160C900BB9FFD;
			remoteInfo = v2;
		};
/* End PBXContainerItemProxy section */

/* Begin PBXFileReference section */
		521C7FF71B715C8600D6CE1F /* MyPageViewController.h */ = {isa = PBXFileReference; fileEncoding = 4; lastKnownFileType = sourcecode.c.h; path = MyPageViewController.h; sourceTree = "<group>"; };
		521C7FF81B715C8600D6CE1F /* MyPageViewController.m */ = {isa = PBXFileReference; fileEncoding = 4; lastKnownFileType = sourcecode.c.objc; path = MyPageViewController.m; sourceTree = "<group>"; };
		523211931B68402200752D4C /* InfluenceExplorerViewController.h */ = {isa = PBXFileReference; fileEncoding = 4; lastKnownFileType = sourcecode.c.h; path = InfluenceExplorerViewController.h; sourceTree = "<group>"; };
		523211941B68402200752D4C /* InfluenceExplorerViewController.m */ = {isa = PBXFileReference; fileEncoding = 4; lastKnownFileType = sourcecode.c.objc; path = InfluenceExplorerViewController.m; sourceTree = "<group>"; };
		525D89D51B6EB98800674AB7 /* AFHTTPRequestOperation.h */ = {isa = PBXFileReference; fileEncoding = 4; lastKnownFileType = sourcecode.c.h; path = AFHTTPRequestOperation.h; sourceTree = "<group>"; };
		525D89D61B6EB98800674AB7 /* AFHTTPRequestOperation.m */ = {isa = PBXFileReference; fileEncoding = 4; lastKnownFileType = sourcecode.c.objc; path = AFHTTPRequestOperation.m; sourceTree = "<group>"; };
		525D89D71B6EB98800674AB7 /* AFHTTPRequestOperationManager.h */ = {isa = PBXFileReference; fileEncoding = 4; lastKnownFileType = sourcecode.c.h; path = AFHTTPRequestOperationManager.h; sourceTree = "<group>"; };
		525D89D81B6EB98800674AB7 /* AFHTTPRequestOperationManager.m */ = {isa = PBXFileReference; fileEncoding = 4; lastKnownFileType = sourcecode.c.objc; path = AFHTTPRequestOperationManager.m; sourceTree = "<group>"; };
		525D89D91B6EB98800674AB7 /* AFHTTPSessionManager.h */ = {isa = PBXFileReference; fileEncoding = 4; lastKnownFileType = sourcecode.c.h; path = AFHTTPSessionManager.h; sourceTree = "<group>"; };
		525D89DA1B6EB98800674AB7 /* AFHTTPSessionManager.m */ = {isa = PBXFileReference; fileEncoding = 4; lastKnownFileType = sourcecode.c.objc; path = AFHTTPSessionManager.m; sourceTree = "<group>"; };
		525D89DB1B6EB98800674AB7 /* AFNetworking.h */ = {isa = PBXFileReference; fileEncoding = 4; lastKnownFileType = sourcecode.c.h; path = AFNetworking.h; sourceTree = "<group>"; };
		525D89DC1B6EB98800674AB7 /* AFNetworkReachabilityManager.h */ = {isa = PBXFileReference; fileEncoding = 4; lastKnownFileType = sourcecode.c.h; path = AFNetworkReachabilityManager.h; sourceTree = "<group>"; };
		525D89DD1B6EB98800674AB7 /* AFNetworkReachabilityManager.m */ = {isa = PBXFileReference; fileEncoding = 4; lastKnownFileType = sourcecode.c.objc; path = AFNetworkReachabilityManager.m; sourceTree = "<group>"; };
		525D89DE1B6EB98800674AB7 /* AFSecurityPolicy.h */ = {isa = PBXFileReference; fileEncoding = 4; lastKnownFileType = sourcecode.c.h; path = AFSecurityPolicy.h; sourceTree = "<group>"; };
		525D89DF1B6EB98800674AB7 /* AFSecurityPolicy.m */ = {isa = PBXFileReference; fileEncoding = 4; lastKnownFileType = sourcecode.c.objc; path = AFSecurityPolicy.m; sourceTree = "<group>"; };
		525D89E01B6EB98800674AB7 /* AFURLConnectionOperation.h */ = {isa = PBXFileReference; fileEncoding = 4; lastKnownFileType = sourcecode.c.h; path = AFURLConnectionOperation.h; sourceTree = "<group>"; };
		525D89E11B6EB98800674AB7 /* AFURLConnectionOperation.m */ = {isa = PBXFileReference; fileEncoding = 4; lastKnownFileType = sourcecode.c.objc; path = AFURLConnectionOperation.m; sourceTree = "<group>"; };
		525D89E21B6EB98800674AB7 /* AFURLRequestSerialization.h */ = {isa = PBXFileReference; fileEncoding = 4; lastKnownFileType = sourcecode.c.h; path = AFURLRequestSerialization.h; sourceTree = "<group>"; };
		525D89E31B6EB98800674AB7 /* AFURLRequestSerialization.m */ = {isa = PBXFileReference; fileEncoding = 4; lastKnownFileType = sourcecode.c.objc; path = AFURLRequestSerialization.m; sourceTree = "<group>"; };
		525D89E41B6EB98800674AB7 /* AFURLResponseSerialization.h */ = {isa = PBXFileReference; fileEncoding = 4; lastKnownFileType = sourcecode.c.h; path = AFURLResponseSerialization.h; sourceTree = "<group>"; };
		525D89E51B6EB98800674AB7 /* AFURLResponseSerialization.m */ = {isa = PBXFileReference; fileEncoding = 4; lastKnownFileType = sourcecode.c.objc; path = AFURLResponseSerialization.m; sourceTree = "<group>"; };
		525D89E61B6EB98800674AB7 /* AFURLSessionManager.h */ = {isa = PBXFileReference; fileEncoding = 4; lastKnownFileType = sourcecode.c.h; path = AFURLSessionManager.h; sourceTree = "<group>"; };
		525D89E71B6EB98800674AB7 /* AFURLSessionManager.m */ = {isa = PBXFileReference; fileEncoding = 4; lastKnownFileType = sourcecode.c.objc; path = AFURLSessionManager.m; sourceTree = "<group>"; };
		525D89E91B6EB98800674AB7 /* AFNetworkActivityIndicatorManager.h */ = {isa = PBXFileReference; fileEncoding = 4; lastKnownFileType = sourcecode.c.h; path = AFNetworkActivityIndicatorManager.h; sourceTree = "<group>"; };
		525D89EA1B6EB98800674AB7 /* AFNetworkActivityIndicatorManager.m */ = {isa = PBXFileReference; fileEncoding = 4; lastKnownFileType = sourcecode.c.objc; path = AFNetworkActivityIndicatorManager.m; sourceTree = "<group>"; };
		525D89EB1B6EB98800674AB7 /* UIActivityIndicatorView+AFNetworking.h */ = {isa = PBXFileReference; fileEncoding = 4; lastKnownFileType = sourcecode.c.h; path = "UIActivityIndicatorView+AFNetworking.h"; sourceTree = "<group>"; };
		525D89EC1B6EB98800674AB7 /* UIActivityIndicatorView+AFNetworking.m */ = {isa = PBXFileReference; fileEncoding = 4; lastKnownFileType = sourcecode.c.objc; path = "UIActivityIndicatorView+AFNetworking.m"; sourceTree = "<group>"; };
		525D89ED1B6EB98800674AB7 /* UIAlertView+AFNetworking.h */ = {isa = PBXFileReference; fileEncoding = 4; lastKnownFileType = sourcecode.c.h; path = "UIAlertView+AFNetworking.h"; sourceTree = "<group>"; };
		525D89EE1B6EB98800674AB7 /* UIAlertView+AFNetworking.m */ = {isa = PBXFileReference; fileEncoding = 4; lastKnownFileType = sourcecode.c.objc; path = "UIAlertView+AFNetworking.m"; sourceTree = "<group>"; };
		525D89EF1B6EB98800674AB7 /* UIButton+AFNetworking.h */ = {isa = PBXFileReference; fileEncoding = 4; lastKnownFileType = sourcecode.c.h; path = "UIButton+AFNetworking.h"; sourceTree = "<group>"; };
		525D89F01B6EB98800674AB7 /* UIButton+AFNetworking.m */ = {isa = PBXFileReference; fileEncoding = 4; lastKnownFileType = sourcecode.c.objc; path = "UIButton+AFNetworking.m"; sourceTree = "<group>"; };
		525D89F11B6EB98800674AB7 /* UIImage+AFNetworking.h */ = {isa = PBXFileReference; fileEncoding = 4; lastKnownFileType = sourcecode.c.h; path = "UIImage+AFNetworking.h"; sourceTree = "<group>"; };
		525D89F21B6EB98800674AB7 /* UIImageView+AFNetworking.h */ = {isa = PBXFileReference; fileEncoding = 4; lastKnownFileType = sourcecode.c.h; path = "UIImageView+AFNetworking.h"; sourceTree = "<group>"; };
		525D89F31B6EB98800674AB7 /* UIImageView+AFNetworking.m */ = {isa = PBXFileReference; fileEncoding = 4; lastKnownFileType = sourcecode.c.objc; path = "UIImageView+AFNetworking.m"; sourceTree = "<group>"; };
		525D89F41B6EB98800674AB7 /* UIKit+AFNetworking.h */ = {isa = PBXFileReference; fileEncoding = 4; lastKnownFileType = sourcecode.c.h; path = "UIKit+AFNetworking.h"; sourceTree = "<group>"; };
		525D89F51B6EB98800674AB7 /* UIProgressView+AFNetworking.h */ = {isa = PBXFileReference; fileEncoding = 4; lastKnownFileType = sourcecode.c.h; path = "UIProgressView+AFNetworking.h"; sourceTree = "<group>"; };
		525D89F61B6EB98800674AB7 /* UIProgressView+AFNetworking.m */ = {isa = PBXFileReference; fileEncoding = 4; lastKnownFileType = sourcecode.c.objc; path = "UIProgressView+AFNetworking.m"; sourceTree = "<group>"; };
		525D89F71B6EB98800674AB7 /* UIRefreshControl+AFNetworking.h */ = {isa = PBXFileReference; fileEncoding = 4; lastKnownFileType = sourcecode.c.h; path = "UIRefreshControl+AFNetworking.h"; sourceTree = "<group>"; };
		525D89F81B6EB98800674AB7 /* UIRefreshControl+AFNetworking.m */ = {isa = PBXFileReference; fileEncoding = 4; lastKnownFileType = sourcecode.c.objc; path = "UIRefreshControl+AFNetworking.m"; sourceTree = "<group>"; };
		525D89F91B6EB98800674AB7 /* UIWebView+AFNetworking.h */ = {isa = PBXFileReference; fileEncoding = 4; lastKnownFileType = sourcecode.c.h; path = "UIWebView+AFNetworking.h"; sourceTree = "<group>"; };
		525D89FA1B6EB98800674AB7 /* UIWebView+AFNetworking.m */ = {isa = PBXFileReference; fileEncoding = 4; lastKnownFileType = sourcecode.c.objc; path = "UIWebView+AFNetworking.m"; sourceTree = "<group>"; };
		52747B731B66EE92009702F5 /* StateLegislatorViewController.h */ = {isa = PBXFileReference; fileEncoding = 4; lastKnownFileType = sourcecode.c.h; path = StateLegislatorViewController.h; sourceTree = "<group>"; };
		52747B741B66EE92009702F5 /* StateLegislatorViewController.m */ = {isa = PBXFileReference; fileEncoding = 4; lastKnownFileType = sourcecode.c.objc; path = StateLegislatorViewController.m; sourceTree = "<group>"; };
		52A6107D1B66ACD400B041FF /* NetworkManager.h */ = {isa = PBXFileReference; fileEncoding = 4; lastKnownFileType = sourcecode.c.h; path = NetworkManager.h; sourceTree = "<group>"; };
		52A6107E1B66ACD400B041FF /* NetworkManager.m */ = {isa = PBXFileReference; fileEncoding = 4; lastKnownFileType = sourcecode.c.objc; path = NetworkManager.m; sourceTree = "<group>"; };
		52A610801B66AD0300B041FF /* RepManager.h */ = {isa = PBXFileReference; fileEncoding = 4; lastKnownFileType = sourcecode.c.h; path = RepManager.h; sourceTree = "<group>"; };
		52A610811B66AD0300B041FF /* RepManager.m */ = {isa = PBXFileReference; fileEncoding = 4; lastKnownFileType = sourcecode.c.objc; path = RepManager.m; sourceTree = "<group>"; };
		52AD2CBE1B61E7A300EAF854 /* Congressperson.h */ = {isa = PBXFileReference; fileEncoding = 4; lastKnownFileType = sourcecode.c.h; name = Congressperson.h; path = ../Congressperson.h; sourceTree = "<group>"; };
		52AD2CBF1B61E7A300EAF854 /* Congressperson.m */ = {isa = PBXFileReference; fileEncoding = 4; lastKnownFileType = sourcecode.c.objc; name = Congressperson.m; path = ../Congressperson.m; sourceTree = "<group>"; };
		52AD2CC11B61F90900EAF854 /* StateLegislator.h */ = {isa = PBXFileReference; fileEncoding = 4; lastKnownFileType = sourcecode.c.h; path = StateLegislator.h; sourceTree = "<group>"; };
		52AD2CC21B61F90900EAF854 /* StateLegislator.m */ = {isa = PBXFileReference; fileEncoding = 4; lastKnownFileType = sourcecode.c.objc; path = StateLegislator.m; sourceTree = "<group>"; };
		52B51B081B61B789006DF423 /* LocationService.h */ = {isa = PBXFileReference; fileEncoding = 4; lastKnownFileType = sourcecode.c.h; name = LocationService.h; path = ../LocationService.h; sourceTree = "<group>"; };
		52B51B091B61B789006DF423 /* LocationService.m */ = {isa = PBXFileReference; fileEncoding = 4; lastKnownFileType = sourcecode.c.objc; name = LocationService.m; path = ../LocationService.m; sourceTree = "<group>"; };
		52BB342B1B6160C900BB9FFD /* v2.app */ = {isa = PBXFileReference; explicitFileType = wrapper.application; includeInIndex = 0; path = v2.app; sourceTree = BUILT_PRODUCTS_DIR; };
		52BB342F1B6160C900BB9FFD /* Info.plist */ = {isa = PBXFileReference; lastKnownFileType = text.plist.xml; path = Info.plist; sourceTree = "<group>"; };
		52BB34301B6160CA00BB9FFD /* main.m */ = {isa = PBXFileReference; lastKnownFileType = sourcecode.c.objc; path = main.m; sourceTree = "<group>"; };
		52BB34321B6160CA00BB9FFD /* AppDelegate.h */ = {isa = PBXFileReference; lastKnownFileType = sourcecode.c.h; path = AppDelegate.h; sourceTree = "<group>"; };
		52BB34331B6160CA00BB9FFD /* AppDelegate.m */ = {isa = PBXFileReference; lastKnownFileType = sourcecode.c.objc; path = AppDelegate.m; sourceTree = "<group>"; };
		52BB34351B6160CA00BB9FFD /* CongressViewController.h */ = {isa = PBXFileReference; lastKnownFileType = sourcecode.c.h; path = CongressViewController.h; sourceTree = "<group>"; };
		52BB34361B6160CA00BB9FFD /* CongressViewController.m */ = {isa = PBXFileReference; lastKnownFileType = sourcecode.c.objc; path = CongressViewController.m; sourceTree = "<group>"; };
		52BB34391B6160CA00BB9FFD /* Base */ = {isa = PBXFileReference; lastKnownFileType = file.storyboard; name = Base; path = Base.lproj/Main.storyboard; sourceTree = "<group>"; };
		52BB343B1B6160CA00BB9FFD /* Images.xcassets */ = {isa = PBXFileReference; lastKnownFileType = folder.assetcatalog; path = Images.xcassets; sourceTree = "<group>"; };
		52BB343E1B6160CA00BB9FFD /* Base */ = {isa = PBXFileReference; lastKnownFileType = file.xib; name = Base; path = Base.lproj/LaunchScreen.xib; sourceTree = "<group>"; };
		52BB34441B6160CA00BB9FFD /* v2Tests.xctest */ = {isa = PBXFileReference; explicitFileType = wrapper.cfbundle; includeInIndex = 0; path = v2Tests.xctest; sourceTree = BUILT_PRODUCTS_DIR; };
		52BB34491B6160CA00BB9FFD /* Info.plist */ = {isa = PBXFileReference; lastKnownFileType = text.plist.xml; path = Info.plist; sourceTree = "<group>"; };
		52BB344A1B6160CA00BB9FFD /* v2Tests.m */ = {isa = PBXFileReference; lastKnownFileType = sourcecode.c.objc; path = v2Tests.m; sourceTree = "<group>"; };
/* End PBXFileReference section */

/* Begin PBXFrameworksBuildPhase section */
		52BB34281B6160C900BB9FFD /* Frameworks */ = {
			isa = PBXFrameworksBuildPhase;
			buildActionMask = 2147483647;
			files = (
			);
			runOnlyForDeploymentPostprocessing = 0;
		};
		52BB34411B6160CA00BB9FFD /* Frameworks */ = {
			isa = PBXFrameworksBuildPhase;
			buildActionMask = 2147483647;
			files = (
			);
			runOnlyForDeploymentPostprocessing = 0;
		};
/* End PBXFrameworksBuildPhase section */

/* Begin PBXGroup section */
		525D89D41B6EB98800674AB7 /* AFNetworking */ = {
			isa = PBXGroup;
			children = (
				525D89D51B6EB98800674AB7 /* AFHTTPRequestOperation.h */,
				525D89D61B6EB98800674AB7 /* AFHTTPRequestOperation.m */,
				525D89D71B6EB98800674AB7 /* AFHTTPRequestOperationManager.h */,
				525D89D81B6EB98800674AB7 /* AFHTTPRequestOperationManager.m */,
				525D89D91B6EB98800674AB7 /* AFHTTPSessionManager.h */,
				525D89DA1B6EB98800674AB7 /* AFHTTPSessionManager.m */,
				525D89DB1B6EB98800674AB7 /* AFNetworking.h */,
				525D89DC1B6EB98800674AB7 /* AFNetworkReachabilityManager.h */,
				525D89DD1B6EB98800674AB7 /* AFNetworkReachabilityManager.m */,
				525D89DE1B6EB98800674AB7 /* AFSecurityPolicy.h */,
				525D89DF1B6EB98800674AB7 /* AFSecurityPolicy.m */,
				525D89E01B6EB98800674AB7 /* AFURLConnectionOperation.h */,
				525D89E11B6EB98800674AB7 /* AFURLConnectionOperation.m */,
				525D89E21B6EB98800674AB7 /* AFURLRequestSerialization.h */,
				525D89E31B6EB98800674AB7 /* AFURLRequestSerialization.m */,
				525D89E41B6EB98800674AB7 /* AFURLResponseSerialization.h */,
				525D89E51B6EB98800674AB7 /* AFURLResponseSerialization.m */,
				525D89E61B6EB98800674AB7 /* AFURLSessionManager.h */,
				525D89E71B6EB98800674AB7 /* AFURLSessionManager.m */,
			);
			path = AFNetworking;
			sourceTree = "<group>";
		};
		525D89E81B6EB98800674AB7 /* UIKit+AFNetworking */ = {
			isa = PBXGroup;
			children = (
				525D89E91B6EB98800674AB7 /* AFNetworkActivityIndicatorManager.h */,
				525D89EA1B6EB98800674AB7 /* AFNetworkActivityIndicatorManager.m */,
				525D89EB1B6EB98800674AB7 /* UIActivityIndicatorView+AFNetworking.h */,
				525D89EC1B6EB98800674AB7 /* UIActivityIndicatorView+AFNetworking.m */,
				525D89ED1B6EB98800674AB7 /* UIAlertView+AFNetworking.h */,
				525D89EE1B6EB98800674AB7 /* UIAlertView+AFNetworking.m */,
				525D89EF1B6EB98800674AB7 /* UIButton+AFNetworking.h */,
				525D89F01B6EB98800674AB7 /* UIButton+AFNetworking.m */,
				525D89F11B6EB98800674AB7 /* UIImage+AFNetworking.h */,
				525D89F21B6EB98800674AB7 /* UIImageView+AFNetworking.h */,
				525D89F31B6EB98800674AB7 /* UIImageView+AFNetworking.m */,
				525D89F41B6EB98800674AB7 /* UIKit+AFNetworking.h */,
				525D89F51B6EB98800674AB7 /* UIProgressView+AFNetworking.h */,
				525D89F61B6EB98800674AB7 /* UIProgressView+AFNetworking.m */,
				525D89F71B6EB98800674AB7 /* UIRefreshControl+AFNetworking.h */,
				525D89F81B6EB98800674AB7 /* UIRefreshControl+AFNetworking.m */,
				525D89F91B6EB98800674AB7 /* UIWebView+AFNetworking.h */,
				525D89FA1B6EB98800674AB7 /* UIWebView+AFNetworking.m */,
			);
			path = "UIKit+AFNetworking";
			sourceTree = "<group>";
		};
		528DC63C1B629DFA00560DD6 /* Representatives */ = {
			isa = PBXGroup;
			children = (
				52AD2CBE1B61E7A300EAF854 /* Congressperson.h */,
				52AD2CBF1B61E7A300EAF854 /* Congressperson.m */,
				52AD2CC11B61F90900EAF854 /* StateLegislator.h */,
				52AD2CC21B61F90900EAF854 /* StateLegislator.m */,
			);
			name = Representatives;
			sourceTree = "<group>";
		};
		52BB34221B6160C900BB9FFD = {
			isa = PBXGroup;
			children = (
				52BB342D1B6160C900BB9FFD /* v2 */,
				52BB34471B6160CA00BB9FFD /* v2Tests */,
				52BB342C1B6160C900BB9FFD /* Products */,
			);
			sourceTree = "<group>";
		};
		52BB342C1B6160C900BB9FFD /* Products */ = {
			isa = PBXGroup;
			children = (
				52BB342B1B6160C900BB9FFD /* v2.app */,
				52BB34441B6160CA00BB9FFD /* v2Tests.xctest */,
			);
			name = Products;
			sourceTree = "<group>";
		};
		52BB342D1B6160C900BB9FFD /* v2 */ = {
			isa = PBXGroup;
			children = (
				525D89D41B6EB98800674AB7 /* AFNetworking */,
				525D89E81B6EB98800674AB7 /* UIKit+AFNetworking */,
				52BB34321B6160CA00BB9FFD /* AppDelegate.h */,
				52BB34331B6160CA00BB9FFD /* AppDelegate.m */,
				52B51B081B61B789006DF423 /* LocationService.h */,
				52B51B091B61B789006DF423 /* LocationService.m */,
				52A6107D1B66ACD400B041FF /* NetworkManager.h */,
				52A6107E1B66ACD400B041FF /* NetworkManager.m */,
				521C7FF71B715C8600D6CE1F /* MyPageViewController.h */,
				521C7FF81B715C8600D6CE1F /* MyPageViewController.m */,
				52A610801B66AD0300B041FF /* RepManager.h */,
				52A610811B66AD0300B041FF /* RepManager.m */,
				52BB34351B6160CA00BB9FFD /* CongressViewController.h */,
				52BB34361B6160CA00BB9FFD /* CongressViewController.m */,
				52747B731B66EE92009702F5 /* StateLegislatorViewController.h */,
				52747B741B66EE92009702F5 /* StateLegislatorViewController.m */,
				523211931B68402200752D4C /* InfluenceExplorerViewController.h */,
				523211941B68402200752D4C /* InfluenceExplorerViewController.m */,
				528DC63C1B629DFA00560DD6 /* Representatives */,
				52BB34381B6160CA00BB9FFD /* Main.storyboard */,
				52BB343B1B6160CA00BB9FFD /* Images.xcassets */,
				52BB343D1B6160CA00BB9FFD /* LaunchScreen.xib */,
				52BB342E1B6160C900BB9FFD /* Supporting Files */,
			);
			path = v2;
			sourceTree = "<group>";
		};
		52BB342E1B6160C900BB9FFD /* Supporting Files */ = {
			isa = PBXGroup;
			children = (
				52BB342F1B6160C900BB9FFD /* Info.plist */,
				52BB34301B6160CA00BB9FFD /* main.m */,
			);
			name = "Supporting Files";
			sourceTree = "<group>";
		};
		52BB34471B6160CA00BB9FFD /* v2Tests */ = {
			isa = PBXGroup;
			children = (
				52BB344A1B6160CA00BB9FFD /* v2Tests.m */,
				52BB34481B6160CA00BB9FFD /* Supporting Files */,
			);
			path = v2Tests;
			sourceTree = "<group>";
		};
		52BB34481B6160CA00BB9FFD /* Supporting Files */ = {
			isa = PBXGroup;
			children = (
				52BB34491B6160CA00BB9FFD /* Info.plist */,
			);
			name = "Supporting Files";
			sourceTree = "<group>";
		};
/* End PBXGroup section */

/* Begin PBXNativeTarget section */
		52BB342A1B6160C900BB9FFD /* v2 */ = {
			isa = PBXNativeTarget;
			buildConfigurationList = 52BB344E1B6160CA00BB9FFD /* Build configuration list for PBXNativeTarget "v2" */;
			buildPhases = (
				52BB34271B6160C900BB9FFD /* Sources */,
				52BB34281B6160C900BB9FFD /* Frameworks */,
				52BB34291B6160C900BB9FFD /* Resources */,
			);
			buildRules = (
			);
			dependencies = (
			);
			name = v2;
			productName = v2;
			productReference = 52BB342B1B6160C900BB9FFD /* v2.app */;
			productType = "com.apple.product-type.application";
		};
		52BB34431B6160CA00BB9FFD /* v2Tests */ = {
			isa = PBXNativeTarget;
			buildConfigurationList = 52BB34511B6160CA00BB9FFD /* Build configuration list for PBXNativeTarget "v2Tests" */;
			buildPhases = (
				52BB34401B6160CA00BB9FFD /* Sources */,
				52BB34411B6160CA00BB9FFD /* Frameworks */,
				52BB34421B6160CA00BB9FFD /* Resources */,
			);
			buildRules = (
			);
			dependencies = (
				52BB34461B6160CA00BB9FFD /* PBXTargetDependency */,
			);
			name = v2Tests;
			productName = v2Tests;
			productReference = 52BB34441B6160CA00BB9FFD /* v2Tests.xctest */;
			productType = "com.apple.product-type.bundle.unit-test";
		};
/* End PBXNativeTarget section */

/* Begin PBXProject section */
		52BB34231B6160C900BB9FFD /* Project object */ = {
			isa = PBXProject;
			attributes = {
				LastUpgradeCheck = 0640;
				ORGANIZATIONNAME = "John Bogil";
				TargetAttributes = {
					52BB342A1B6160C900BB9FFD = {
						CreatedOnToolsVersion = 6.4;
					};
					52BB34431B6160CA00BB9FFD = {
						CreatedOnToolsVersion = 6.4;
						TestTargetID = 52BB342A1B6160C900BB9FFD;
					};
				};
			};
			buildConfigurationList = 52BB34261B6160C900BB9FFD /* Build configuration list for PBXProject "v2" */;
			compatibilityVersion = "Xcode 3.2";
			developmentRegion = English;
			hasScannedForEncodings = 0;
			knownRegions = (
				en,
				Base,
			);
			mainGroup = 52BB34221B6160C900BB9FFD;
			productRefGroup = 52BB342C1B6160C900BB9FFD /* Products */;
			projectDirPath = "";
			projectRoot = "";
			targets = (
				52BB342A1B6160C900BB9FFD /* v2 */,
				52BB34431B6160CA00BB9FFD /* v2Tests */,
			);
		};
/* End PBXProject section */

/* Begin PBXResourcesBuildPhase section */
		52BB34291B6160C900BB9FFD /* Resources */ = {
			isa = PBXResourcesBuildPhase;
			buildActionMask = 2147483647;
			files = (
				52BB343A1B6160CA00BB9FFD /* Main.storyboard in Resources */,
				52BB343F1B6160CA00BB9FFD /* LaunchScreen.xib in Resources */,
				52BB343C1B6160CA00BB9FFD /* Images.xcassets in Resources */,
			);
			runOnlyForDeploymentPostprocessing = 0;
		};
		52BB34421B6160CA00BB9FFD /* Resources */ = {
			isa = PBXResourcesBuildPhase;
			buildActionMask = 2147483647;
			files = (
			);
			runOnlyForDeploymentPostprocessing = 0;
		};
/* End PBXResourcesBuildPhase section */

/* Begin PBXSourcesBuildPhase section */
		52BB34271B6160C900BB9FFD /* Sources */ = {
			isa = PBXSourcesBuildPhase;
			buildActionMask = 2147483647;
			files = (
				525D89FB1B6EB98800674AB7 /* AFHTTPRequestOperation.m in Sources */,
				52747B751B66EE92009702F5 /* StateLegislatorViewController.m in Sources */,
				523211951B68402200752D4C /* InfluenceExplorerViewController.m in Sources */,
				52BB34371B6160CA00BB9FFD /* CongressViewController.m in Sources */,
				52BB34341B6160CA00BB9FFD /* AppDelegate.m in Sources */,
				525D8A041B6EB98800674AB7 /* AFNetworkActivityIndicatorManager.m in Sources */,
				525D8A031B6EB98800674AB7 /* AFURLSessionManager.m in Sources */,
				525D89FD1B6EB98800674AB7 /* AFHTTPSessionManager.m in Sources */,
				525D89FE1B6EB98800674AB7 /* AFNetworkReachabilityManager.m in Sources */,
				52B51B0A1B61B789006DF423 /* LocationService.m in Sources */,
				521C7FF91B715C8600D6CE1F /* MyPageViewController.m in Sources */,
				525D8A081B6EB98800674AB7 /* UIImageView+AFNetworking.m in Sources */,
				525D8A091B6EB98800674AB7 /* UIProgressView+AFNetworking.m in Sources */,
				525D8A021B6EB98800674AB7 /* AFURLResponseSerialization.m in Sources */,
				525D8A0A1B6EB98800674AB7 /* UIRefreshControl+AFNetworking.m in Sources */,
				525D8A011B6EB98800674AB7 /* AFURLRequestSerialization.m in Sources */,
				525D8A001B6EB98800674AB7 /* AFURLConnectionOperation.m in Sources */,
				525D8A071B6EB98800674AB7 /* UIButton+AFNetworking.m in Sources */,
				525D8A051B6EB98800674AB7 /* UIActivityIndicatorView+AFNetworking.m in Sources */,
				525D89FC1B6EB98800674AB7 /* AFHTTPRequestOperationManager.m in Sources */,
				52A610821B66AD0300B041FF /* RepManager.m in Sources */,
				52AD2CC31B61F90900EAF854 /* StateLegislator.m in Sources */,
				525D89FF1B6EB98800674AB7 /* AFSecurityPolicy.m in Sources */,
				52AD2CC01B61E7A300EAF854 /* Congressperson.m in Sources */,
				525D8A0B1B6EB98800674AB7 /* UIWebView+AFNetworking.m in Sources */,
				52A6107F1B66ACD400B041FF /* NetworkManager.m in Sources */,
				52BB34311B6160CA00BB9FFD /* main.m in Sources */,
				525D8A061B6EB98800674AB7 /* UIAlertView+AFNetworking.m in Sources */,
			);
			runOnlyForDeploymentPostprocessing = 0;
		};
		52BB34401B6160CA00BB9FFD /* Sources */ = {
			isa = PBXSourcesBuildPhase;
			buildActionMask = 2147483647;
			files = (
				52BB344B1B6160CA00BB9FFD /* v2Tests.m in Sources */,
			);
			runOnlyForDeploymentPostprocessing = 0;
		};
/* End PBXSourcesBuildPhase section */

/* Begin PBXTargetDependency section */
		52BB34461B6160CA00BB9FFD /* PBXTargetDependency */ = {
			isa = PBXTargetDependency;
			target = 52BB342A1B6160C900BB9FFD /* v2 */;
			targetProxy = 52BB34451B6160CA00BB9FFD /* PBXContainerItemProxy */;
		};
/* End PBXTargetDependency section */

/* Begin PBXVariantGroup section */
		52BB34381B6160CA00BB9FFD /* Main.storyboard */ = {
			isa = PBXVariantGroup;
			children = (
				52BB34391B6160CA00BB9FFD /* Base */,
			);
			name = Main.storyboard;
			sourceTree = "<group>";
		};
		52BB343D1B6160CA00BB9FFD /* LaunchScreen.xib */ = {
			isa = PBXVariantGroup;
			children = (
				52BB343E1B6160CA00BB9FFD /* Base */,
			);
			name = LaunchScreen.xib;
			sourceTree = "<group>";
		};
/* End PBXVariantGroup section */

/* Begin XCBuildConfiguration section */
		52BB344C1B6160CA00BB9FFD /* Debug */ = {
			isa = XCBuildConfiguration;
			buildSettings = {
				ALWAYS_SEARCH_USER_PATHS = NO;
				CLANG_CXX_LANGUAGE_STANDARD = "gnu++0x";
				CLANG_CXX_LIBRARY = "libc++";
				CLANG_ENABLE_MODULES = YES;
				CLANG_ENABLE_OBJC_ARC = YES;
				CLANG_WARN_BOOL_CONVERSION = YES;
				CLANG_WARN_CONSTANT_CONVERSION = YES;
				CLANG_WARN_DIRECT_OBJC_ISA_USAGE = YES_ERROR;
				CLANG_WARN_EMPTY_BODY = YES;
				CLANG_WARN_ENUM_CONVERSION = YES;
				CLANG_WARN_INT_CONVERSION = YES;
				CLANG_WARN_OBJC_ROOT_CLASS = YES_ERROR;
				CLANG_WARN_UNREACHABLE_CODE = YES;
				CLANG_WARN__DUPLICATE_METHOD_MATCH = YES;
				"CODE_SIGN_IDENTITY[sdk=iphoneos*]" = "iPhone Developer";
				COPY_PHASE_STRIP = NO;
				DEBUG_INFORMATION_FORMAT = "dwarf-with-dsym";
				ENABLE_STRICT_OBJC_MSGSEND = YES;
				GCC_C_LANGUAGE_STANDARD = gnu99;
				GCC_DYNAMIC_NO_PIC = NO;
				GCC_NO_COMMON_BLOCKS = YES;
				GCC_OPTIMIZATION_LEVEL = 0;
				GCC_PREPROCESSOR_DEFINITIONS = (
					"DEBUG=1",
					"$(inherited)",
				);
				GCC_SYMBOLS_PRIVATE_EXTERN = NO;
				GCC_WARN_64_TO_32_BIT_CONVERSION = YES;
				GCC_WARN_ABOUT_RETURN_TYPE = YES_ERROR;
				GCC_WARN_UNDECLARED_SELECTOR = YES;
				GCC_WARN_UNINITIALIZED_AUTOS = YES_AGGRESSIVE;
				GCC_WARN_UNUSED_FUNCTION = YES;
				GCC_WARN_UNUSED_VARIABLE = YES;
				IPHONEOS_DEPLOYMENT_TARGET = 8.4;
				MTL_ENABLE_DEBUG_INFO = YES;
				ONLY_ACTIVE_ARCH = YES;
				SDKROOT = iphoneos;
				TARGETED_DEVICE_FAMILY = "1,2";
			};
			name = Debug;
		};
		52BB344D1B6160CA00BB9FFD /* Release */ = {
			isa = XCBuildConfiguration;
			buildSettings = {
				ALWAYS_SEARCH_USER_PATHS = NO;
				CLANG_CXX_LANGUAGE_STANDARD = "gnu++0x";
				CLANG_CXX_LIBRARY = "libc++";
				CLANG_ENABLE_MODULES = YES;
				CLANG_ENABLE_OBJC_ARC = YES;
				CLANG_WARN_BOOL_CONVERSION = YES;
				CLANG_WARN_CONSTANT_CONVERSION = YES;
				CLANG_WARN_DIRECT_OBJC_ISA_USAGE = YES_ERROR;
				CLANG_WARN_EMPTY_BODY = YES;
				CLANG_WARN_ENUM_CONVERSION = YES;
				CLANG_WARN_INT_CONVERSION = YES;
				CLANG_WARN_OBJC_ROOT_CLASS = YES_ERROR;
				CLANG_WARN_UNREACHABLE_CODE = YES;
				CLANG_WARN__DUPLICATE_METHOD_MATCH = YES;
				"CODE_SIGN_IDENTITY[sdk=iphoneos*]" = "iPhone Developer";
				COPY_PHASE_STRIP = NO;
				DEBUG_INFORMATION_FORMAT = "dwarf-with-dsym";
				ENABLE_NS_ASSERTIONS = NO;
				ENABLE_STRICT_OBJC_MSGSEND = YES;
				GCC_C_LANGUAGE_STANDARD = gnu99;
				GCC_NO_COMMON_BLOCKS = YES;
				GCC_WARN_64_TO_32_BIT_CONVERSION = YES;
				GCC_WARN_ABOUT_RETURN_TYPE = YES_ERROR;
				GCC_WARN_UNDECLARED_SELECTOR = YES;
				GCC_WARN_UNINITIALIZED_AUTOS = YES_AGGRESSIVE;
				GCC_WARN_UNUSED_FUNCTION = YES;
				GCC_WARN_UNUSED_VARIABLE = YES;
				IPHONEOS_DEPLOYMENT_TARGET = 8.4;
				MTL_ENABLE_DEBUG_INFO = NO;
				SDKROOT = iphoneos;
				TARGETED_DEVICE_FAMILY = "1,2";
				VALIDATE_PRODUCT = YES;
			};
			name = Release;
		};
		52BB344F1B6160CA00BB9FFD /* Debug */ = {
			isa = XCBuildConfiguration;
			buildSettings = {
				ASSETCATALOG_COMPILER_APPICON_NAME = AppIcon;
				INFOPLIST_FILE = v2/Info.plist;
				LD_RUNPATH_SEARCH_PATHS = "$(inherited) @executable_path/Frameworks";
				PRODUCT_NAME = "$(TARGET_NAME)";
			};
			name = Debug;
		};
		52BB34501B6160CA00BB9FFD /* Release */ = {
			isa = XCBuildConfiguration;
			buildSettings = {
				ASSETCATALOG_COMPILER_APPICON_NAME = AppIcon;
				INFOPLIST_FILE = v2/Info.plist;
				LD_RUNPATH_SEARCH_PATHS = "$(inherited) @executable_path/Frameworks";
				PRODUCT_NAME = "$(TARGET_NAME)";
			};
			name = Release;
		};
		52BB34521B6160CA00BB9FFD /* Debug */ = {
			isa = XCBuildConfiguration;
			buildSettings = {
				BUNDLE_LOADER = "$(TEST_HOST)";
				FRAMEWORK_SEARCH_PATHS = (
					"$(SDKROOT)/Developer/Library/Frameworks",
					"$(inherited)",
				);
				GCC_PREPROCESSOR_DEFINITIONS = (
					"DEBUG=1",
					"$(inherited)",
				);
				INFOPLIST_FILE = v2Tests/Info.plist;
				LD_RUNPATH_SEARCH_PATHS = "$(inherited) @executable_path/Frameworks @loader_path/Frameworks";
				PRODUCT_NAME = "$(TARGET_NAME)";
				TEST_HOST = "$(BUILT_PRODUCTS_DIR)/v2.app/v2";
			};
			name = Debug;
		};
		52BB34531B6160CA00BB9FFD /* Release */ = {
			isa = XCBuildConfiguration;
			buildSettings = {
				BUNDLE_LOADER = "$(TEST_HOST)";
				FRAMEWORK_SEARCH_PATHS = (
					"$(SDKROOT)/Developer/Library/Frameworks",
					"$(inherited)",
				);
				INFOPLIST_FILE = v2Tests/Info.plist;
				LD_RUNPATH_SEARCH_PATHS = "$(inherited) @executable_path/Frameworks @loader_path/Frameworks";
				PRODUCT_NAME = "$(TARGET_NAME)";
				TEST_HOST = "$(BUILT_PRODUCTS_DIR)/v2.app/v2";
			};
			name = Release;
		};
/* End XCBuildConfiguration section */

/* Begin XCConfigurationList section */
		52BB34261B6160C900BB9FFD /* Build configuration list for PBXProject "v2" */ = {
			isa = XCConfigurationList;
			buildConfigurations = (
				52BB344C1B6160CA00BB9FFD /* Debug */,
				52BB344D1B6160CA00BB9FFD /* Release */,
			);
			defaultConfigurationIsVisible = 0;
			defaultConfigurationName = Release;
		};
		52BB344E1B6160CA00BB9FFD /* Build configuration list for PBXNativeTarget "v2" */ = {
			isa = XCConfigurationList;
			buildConfigurations = (
				52BB344F1B6160CA00BB9FFD /* Debug */,
				52BB34501B6160CA00BB9FFD /* Release */,
			);
			defaultConfigurationIsVisible = 0;
			defaultConfigurationName = Release;
		};
		52BB34511B6160CA00BB9FFD /* Build configuration list for PBXNativeTarget "v2Tests" */ = {
			isa = XCConfigurationList;
			buildConfigurations = (
				52BB34521B6160CA00BB9FFD /* Debug */,
				52BB34531B6160CA00BB9FFD /* Release */,
			);
			defaultConfigurationIsVisible = 0;
			defaultConfigurationName = Release;
		};
/* End XCConfigurationList section */
	};
	rootObject = 52BB34231B6160C900BB9FFD /* Project object */;
}
